// !$*UTF8*$!
{
	archiveVersion = 1;
	classes = {
	};
	objectVersion = 46;
	objects = {

/* Begin PBXBuildFile section */
		F880A6A71E40B21D009A8259 /* AppDelegate.swift in Sources */ = {isa = PBXBuildFile; fileRef = F880A6A61E40B21D009A8259 /* AppDelegate.swift */; };
		F880A6A91E40B21D009A8259 /* ViewController.swift in Sources */ = {isa = PBXBuildFile; fileRef = F880A6A81E40B21D009A8259 /* ViewController.swift */; };
		F880A6AC1E40B21D009A8259 /* Main.storyboard in Resources */ = {isa = PBXBuildFile; fileRef = F880A6AA1E40B21D009A8259 /* Main.storyboard */; };
		F880A6AE1E40B21D009A8259 /* Assets.xcassets in Resources */ = {isa = PBXBuildFile; fileRef = F880A6AD1E40B21D009A8259 /* Assets.xcassets */; };
		F880A6B11E40B21D009A8259 /* LaunchScreen.storyboard in Resources */ = {isa = PBXBuildFile; fileRef = F880A6AF1E40B21D009A8259 /* LaunchScreen.storyboard */; };
/* End PBXBuildFile section */

/* Begin PBXFileReference section */
		F880A6A31E40B21D009A8259 /* SampleMovieApp.app */ = {isa = PBXFileReference; explicitFileType = wrapper.application; includeInIndex = 0; path = SampleMovieApp.app; sourceTree = BUILT_PRODUCTS_DIR; };
		F880A6A61E40B21D009A8259 /* AppDelegate.swift */ = {isa = PBXFileReference; lastKnownFileType = sourcecode.swift; path = AppDelegate.swift; sourceTree = "<group>"; };
		F880A6A81E40B21D009A8259 /* ViewController.swift */ = {isa = PBXFileReference; lastKnownFileType = sourcecode.swift; path = ViewController.swift; sourceTree = "<group>"; };
		F880A6AB1E40B21D009A8259 /* Base */ = {isa = PBXFileReference; lastKnownFileType = file.storyboard; name = Base; path = Base.lproj/Main.storyboard; sourceTree = "<group>"; };
		F880A6AD1E40B21D009A8259 /* Assets.xcassets */ = {isa = PBXFileReference; lastKnownFileType = folder.assetcatalog; path = Assets.xcassets; sourceTree = "<group>"; };
		F880A6B01E40B21D009A8259 /* Base */ = {isa = PBXFileReference; lastKnownFileType = file.storyboard; name = Base; path = Base.lproj/LaunchScreen.storyboard; sourceTree = "<group>"; };
		F880A6B21E40B21D009A8259 /* Info.plist */ = {isa = PBXFileReference; lastKnownFileType = text.plist.xml; path = Info.plist; sourceTree = "<group>"; };
/* End PBXFileReference section */

/* Begin PBXFrameworksBuildPhase section */
		F880A6A01E40B21D009A8259 /* Frameworks */ = {
			isa = PBXFrameworksBuildPhase;
			buildActionMask = 2147483647;
			files = (
			);
			runOnlyForDeploymentPostprocessing = 0;
		};
/* End PBXFrameworksBuildPhase section */

/* Begin PBXGroup section */
		F880A69A1E40B21D009A8259 = {
			isa = PBXGroup;
			children = (
				F880A6A51E40B21D009A8259 /* SampleMovieApp */,
				F880A6A41E40B21D009A8259 /* Products */,
			);
			sourceTree = "<group>";
		};
		F880A6A41E40B21D009A8259 /* Products */ = {
			isa = PBXGroup;
			children = (
				F880A6A31E40B21D009A8259 /* SampleMovieApp.app */,
			);
			name = Products;
			sourceTree = "<group>";
		};
		F880A6A51E40B21D009A8259 /* SampleMovieApp */ = {
			isa = PBXGroup;
			children = (
				F880A6A61E40B21D009A8259 /* AppDelegate.swift */,
				F880A6A81E40B21D009A8259 /* ViewController.swift */,
				F880A6AA1E40B21D009A8259 /* Main.storyboard */,
				F880A6AD1E40B21D009A8259 /* Assets.xcassets */,
				F880A6AF1E40B21D009A8259 /* LaunchScreen.storyboard */,
				F880A6B21E40B21D009A8259 /* Info.plist */,
			);
			path = SampleMovieApp;
			sourceTree = "<group>";
		};
/* End PBXGroup section */

/* Begin PBXNativeTarget section */
		F880A6A21E40B21D009A8259 /* SampleMovieApp */ = {
			isa = PBXNativeTarget;
			buildConfigurationList = F880A6B51E40B21D009A8259 /* Build configuration list for PBXNativeTarget "SampleMovieApp" */;
			buildPhases = (
				F880A69F1E40B21D009A8259 /* Sources */,
				F880A6A01E40B21D009A8259 /* Frameworks */,
				F880A6A11E40B21D009A8259 /* Resources */,
			);
			buildRules = (
			);
			dependencies = (
			);
			name = SampleMovieApp;
			productName = SampleMovieApp;
			productReference = F880A6A31E40B21D009A8259 /* SampleMovieApp.app */;
			productType = "com.apple.product-type.application";
		};
/* End PBXNativeTarget section */

/* Begin PBXProject section */
		F880A69B1E40B21D009A8259 /* Project object */ = {
			isa = PBXProject;
			attributes = {
				LastSwiftUpdateCheck = 0820;
				LastUpgradeCheck = 0820;
				ORGANIZATIONNAME = "Sidramappa Mallappa Halake";
				TargetAttributes = {
					F880A6A21E40B21D009A8259 = {
						CreatedOnToolsVersion = 8.2;
						ProvisioningStyle = Automatic;
					};
				};
			};
			buildConfigurationList = F880A69E1E40B21D009A8259 /* Build configuration list for PBXProject "SampleMovieApp" */;
			compatibilityVersion = "Xcode 3.2";
			developmentRegion = English;
			hasScannedForEncodings = 0;
			knownRegions = (
				en,
				Base,
			);
			mainGroup = F880A69A1E40B21D009A8259;
			productRefGroup = F880A6A41E40B21D009A8259 /* Products */;
			projectDirPath = "";
			projectRoot = "";
			targets = (
				F880A6A21E40B21D009A8259 /* SampleMovieApp */,
			);
		};
/* End PBXProject section */

/* Begin PBXResourcesBuildPhase section */
		F880A6A11E40B21D009A8259 /* Resources */ = {
			isa = PBXResourcesBuildPhase;
			buildActionMask = 2147483647;
			files = (
				F880A6B11E40B21D009A8259 /* LaunchScreen.storyboard in Resources */,
				F880A6AE1E40B21D009A8259 /* Assets.xcassets in Resources */,
				F880A6AC1E40B21D009A8259 /* Main.storyboard in Resources */,
			);
			runOnlyForDeploymentPostprocessing = 0;
		};
/* End PBXResourcesBuildPhase section */

/* Begin PBXSourcesBuildPhase section */
		F880A69F1E40B21D009A8259 /* Sources */ = {
			isa = PBXSourcesBuildPhase;
			buildActionMask = 2147483647;
			files = (
				F880A6A91E40B21D009A8259 /* ViewController.swift in Sources */,
				F880A6A71E40B21D009A8259 /* AppDelegate.swift in Sources */,
			);
			runOnlyForDeploymentPostprocessing = 0;
		};
/* End PBXSourcesBuildPhase section */

/* Begin PBXVariantGroup section */
		F880A6AA1E40B21D009A8259 /* Main.storyboard */ = {
			isa = PBXVariantGroup;
			children = (
				F880A6AB1E40B21D009A8259 /* Base */,
			);
			name = Main.storyboard;
			sourceTree = "<group>";
		};
		F880A6AF1E40B21D009A8259 /* LaunchScreen.storyboard */ = {
			isa = PBXVariantGroup;
			children = (
				F880A6B01E40B21D009A8259 /* Base */,
			);
			name = LaunchScreen.storyboard;
			sourceTree = "<group>";
		};
/* End PBXVariantGroup section */

/* Begin XCBuildConfiguration section */
		F880A6B31E40B21D009A8259 /* Debug */ = {
			isa = XCBuildConfiguration;
			buildSettings = {
				ALWAYS_SEARCH_USER_PATHS = NO;
				CLANG_ANALYZER_NONNULL = YES;
				CLANG_CXX_LANGUAGE_STANDARD = "gnu++0x";
				CLANG_CXX_LIBRARY = "libc++";
				CLANG_ENABLE_MODULES = YES;
				CLANG_ENABLE_OBJC_ARC = YES;
				CLANG_WARN_BOOL_CONVERSION = YES;
				CLANG_WARN_CONSTANT_CONVERSION = YES;
				CLANG_WARN_DIRECT_OBJC_ISA_USAGE = YES_ERROR;
				CLANG_WARN_DOCUMENTATION_COMMENTS = YES;
				CLANG_WARN_EMPTY_BODY = YES;
				CLANG_WARN_ENUM_CONVERSION = YES;
				CLANG_WARN_INFINITE_RECURSION = YES;
				CLANG_WARN_INT_CONVERSION = YES;
				CLANG_WARN_OBJC_ROOT_CLASS = YES_ERROR;
				CLANG_WARN_SUSPICIOUS_MOVE = YES;
				CLANG_WARN_UNREACHABLE_CODE = YES;
				CLANG_WARN__DUPLICATE_METHOD_MATCH = YES;
				"CODE_SIGN_IDENTITY[sdk=iphoneos*]" = "iPhone Developer";
				COPY_PHASE_STRIP = NO;
				DEBUG_INFORMATION_FORMAT = dwarf;
				ENABLE_STRICT_OBJC_MSGSEND = YES;
				ENABLE_TESTABILITY = YES;
				GCC_C_LANGUAGE_STANDARD = gnu99;
				GCC_DYNAMIC_NO_PIC = NO;
				GCC_NO_COMMON_BLOCKS = YES;
				GCC_OPTIMIZATION_LEVEL = 0;
				GCC_PREPROCESSOR_DEFINITIONS = (
					"DEBUG=1",
					"$(inherited)",
				);
				GCC_WARN_64_TO_32_BIT_CONVERSION = YES;
				GCC_WARN_ABOUT_RETURN_TYPE = YES_ERROR;
				GCC_WARN_UNDECLARED_SELECTOR = YES;
				GCC_WARN_UNINITIALIZED_AUTOS = YES_AGGRESSIVE;
				GCC_WARN_UNUSED_FUNCTION = YES;
				GCC_WARN_UNUSED_VARIABLE = YES;
				IPHONEOS_DEPLOYMENT_TARGET = 10.2;
				MTL_ENABLE_DEBUG_INFO = YES;
				ONLY_ACTIVE_ARCH = YES;
				SDKROOT = iphoneos;
				SWIFT_ACTIVE_COMPILATION_CONDITIONS = DEBUG;
				SWIFT_OPTIMIZATION_LEVEL = "-Onone";
			};
			name = Debug;
		};
		F880A6B41E40B21D009A8259 /* Release */ = {
			isa = XCBuildConfiguration;
			buildSettings = {
				ALWAYS_SEARCH_USER_PATHS = NO;
				CLANG_ANALYZER_NONNULL = YES;
				CLANG_CXX_LANGUAGE_STANDARD = "gnu++0x";
				CLANG_CXX_LIBRARY = "libc++";
				CLANG_ENABLE_MODULES = YES;
				CLANG_ENABLE_OBJC_ARC = YES;
				CLANG_WARN_BOOL_CONVERSION = YES;
				CLANG_WARN_CONSTANT_CONVERSION = YES;
				CLANG_WARN_DIRECT_OBJC_ISA_USAGE = YES_ERROR;
				CLANG_WARN_DOCUMENTATION_COMMENTS = YES;
				CLANG_WARN_EMPTY_BODY = YES;
				CLANG_WARN_ENUM_CONVERSION = YES;
				CLANG_WARN_INFINITE_RECURSION = YES;
				CLANG_WARN_INT_CONVERSION = YES;
				CLANG_WARN_OBJC_ROOT_CLASS = YES_ERROR;
				CLANG_WARN_SUSPICIOUS_MOVE = YES;
				CLANG_WARN_UNREACHABLE_CODE = YES;
				CLANG_WARN__DUPLICATE_METHOD_MATCH = YES;
				"CODE_SIGN_IDENTITY[sdk=iphoneos*]" = "iPhone Developer";
				COPY_PHASE_STRIP = NO;
				DEBUG_INFORMATION_FORMAT = "dwarf-with-dsym";
				ENABLE_NS_ASSERTIONS = NO;
				ENABLE_STRICT_OBJC_MSGSEND = YES;
				GCC_C_LANGUAGE_STANDARD = gnu99;
				GCC_NO_COMMON_BLOCKS = YES;
				GCC_WARN_64_TO_32_BIT_CONVERSION = YES;
				GCC_WARN_ABOUT_RETURN_TYPE = YES_ERROR;
				GCC_WARN_UNDECLARED_SELECTOR = YES;
				GCC_WARN_UNINITIALIZED_AUTOS = YES_AGGRESSIVE;
				GCC_WARN_UNUSED_FUNCTION = YES;
				GCC_WARN_UNUSED_VARIABLE = YES;
				IPHONEOS_DEPLOYMENT_TARGET = 10.2;
				MTL_ENABLE_DEBUG_INFO = NO;
				SDKROOT = iphoneos;
				SWIFT_OPTIMIZATION_LEVEL = "-Owholemodule";
				VALIDATE_PRODUCT = YES;
			};
			name = Release;
		};
		F880A6B61E40B21D009A8259 /* Debug */ = {
			isa = XCBuildConfiguration;
			buildSettings = {
				ASSETCATALOG_COMPILER_APPICON_NAME = AppIcon;
				INFOPLIST_FILE = SampleMovieApp/Info.plist;
				LD_RUNPATH_SEARCH_PATHS = "$(inherited) @executable_path/Frameworks";
				PRODUCT_BUNDLE_IDENTIFIER = com.Robosoftin.SampleMovieApp;
				PRODUCT_NAME = "$(TARGET_NAME)";
				SWIFT_VERSION = 3.0;
			};
			name = Debug;
		};
		F880A6B71E40B21D009A8259 /* Release */ = {
			isa = XCBuildConfiguration;
			buildSettings = {
				ASSETCATALOG_COMPILER_APPICON_NAME = AppIcon;
				INFOPLIST_FILE = SampleMovieApp/Info.plist;
				LD_RUNPATH_SEARCH_PATHS = "$(inherited) @executable_path/Frameworks";
				PRODUCT_BUNDLE_IDENTIFIER = com.Robosoftin.SampleMovieApp;
				PRODUCT_NAME = "$(TARGET_NAME)";
				SWIFT_VERSION = 3.0;
			};
			name = Release;
		};
/* End XCBuildConfiguration section */

/* Begin XCConfigurationList section */
		F880A69E1E40B21D009A8259 /* Build configuration list for PBXProject "SampleMovieApp" */ = {
			isa = XCConfigurationList;
			buildConfigurations = (
				F880A6B31E40B21D009A8259 /* Debug */,
				F880A6B41E40B21D009A8259 /* Release */,
			);
			defaultConfigurationIsVisible = 0;
			defaultConfigurationName = Release;
		};
		F880A6B51E40B21D009A8259 /* Build configuration list for PBXNativeTarget "SampleMovieApp" */ = {
			isa = XCConfigurationList;
			buildConfigurations = (
				F880A6B61E40B21D009A8259 /* Debug */,
				F880A6B71E40B21D009A8259 /* Release */,
			);
			defaultConfigurationIsVisible = 0;
		};
/* End XCConfigurationList section */
	};
	rootObject = F880A69B1E40B21D009A8259 /* Project object */;
}
